
Microsoft Visual Studio Solution File, Format Version 12.00
# Visual Studio Version 17
VisualStudioVersion = 17.11.35219.272
MinimumVisualStudioVersion = 10.0.40219.1
Project("{FAE04EC0-301F-11D3-BF4B-00C04F79EFBC}") = "TermProject", "TermProject.csproj", "{041A5723-3B4A-4F61-80A3-0E5A762A5A61}"
EndProject
Global
	GlobalSection(SolutionConfigurationPlatforms) = preSolution
		Debug|Any CPU = Debug|Any CPU
		Release|Any CPU = Release|Any CPU
	EndGlobalSection
	GlobalSection(ProjectConfigurationPlatforms) = postSolution
		{041A5723-3B4A-4F61-80A3-0E5A762A5A61}.Debug|Any CPU.ActiveCfg = Debug|Any CPU
		{041A5723-3B4A-4F61-80A3-0E5A762A5A61}.Debug|Any CPU.Build.0 = Debug|Any CPU
		{041A5723-3B4A-4F61-80A3-0E5A762A5A61}.Release|Any CPU.ActiveCfg = Release|Any CPU
		{041A5723-3B4A-4F61-80A3-0E5A762A5A61}.Release|Any CPU.Build.0 = Release|Any CPU
	EndGlobalSection
	GlobalSection(SolutionProperties) = preSolution
		HideSolutionNode = FALSE
	EndGlobalSection
	GlobalSection(ExtensibilityGlobals) = postSolution
		SolutionGuid = {816815A6-54B8-48E2-B475-8D64DF7FE50D}
	EndGlobalSection
EndGlobal
